// !$*UTF8*$!
{
	archiveVersion = 1;
	classes = {
	};
	objectVersion = 48;
	objects = {

/* Begin PBXBuildFile section */
		EA40F9C01DBE23A600A20C3B /* CloudQandATableViewController.swift in Sources */ = {isa = PBXBuildFile; fileRef = EA40F9BF1DBE23A600A20C3B /* CloudQandATableViewController.swift */; };
		EA46782E1DBCF38500904AD4 /* AppDelegate.swift in Sources */ = {isa = PBXBuildFile; fileRef = EA46782D1DBCF38500904AD4 /* AppDelegate.swift */; };
		EA4678331DBCF38500904AD4 /* Main.storyboard in Resources */ = {isa = PBXBuildFile; fileRef = EA4678311DBCF38500904AD4 /* Main.storyboard */; };
		EA4678351DBCF38500904AD4 /* Assets.xcassets in Resources */ = {isa = PBXBuildFile; fileRef = EA4678341DBCF38500904AD4 /* Assets.xcassets */; };
		EA4678381DBCF38500904AD4 /* LaunchScreen.storyboard in Resources */ = {isa = PBXBuildFile; fileRef = EA4678361DBCF38500904AD4 /* LaunchScreen.storyboard */; };
		EA4678441DBCFA4300904AD4 /* CloudKitExtensions.swift in Sources */ = {isa = PBXBuildFile; fileRef = EA4678401DBCFA4300904AD4 /* CloudKitExtensions.swift */; };
		EA4678451DBCFA4300904AD4 /* QandAAccessoryTableViewController.swift in Sources */ = {isa = PBXBuildFile; fileRef = EA4678411DBCFA4300904AD4 /* QandAAccessoryTableViewController.swift */; };
		EA4678461DBCFA4300904AD4 /* QandATableViewController.swift in Sources */ = {isa = PBXBuildFile; fileRef = EA4678421DBCFA4300904AD4 /* QandATableViewController.swift */; };
		EA4678471DBCFA4300904AD4 /* TextTableViewController.swift in Sources */ = {isa = PBXBuildFile; fileRef = EA4678431DBCFA4300904AD4 /* TextTableViewController.swift */; };
		EA5AB41E1DBE99FC0099FF23 /* AllQandAsTableViewController.swift in Sources */ = {isa = PBXBuildFile; fileRef = EA5AB41D1DBE99FC0099FF23 /* AllQandAsTableViewController.swift */; };
		EA63B68C1DBEDADA003595C4 /* CloudKit.framework in Frameworks */ = {isa = PBXBuildFile; fileRef = EA63B68B1DBEDADA003595C4 /* CloudKit.framework */; };
/* End PBXBuildFile section */

/* Begin PBXFileReference section */
		EA40F9BF1DBE23A600A20C3B /* CloudQandATableViewController.swift */ = {isa = PBXFileReference; fileEncoding = 4; lastKnownFileType = sourcecode.swift; path = CloudQandATableViewController.swift; sourceTree = "<group>"; };
		EA46782A1DBCF38500904AD4 /* Pollster.app */ = {isa = PBXFileReference; explicitFileType = wrapper.application; includeInIndex = 0; path = Pollster.app; sourceTree = BUILT_PRODUCTS_DIR; };
		EA46782D1DBCF38500904AD4 /* AppDelegate.swift */ = {isa = PBXFileReference; lastKnownFileType = sourcecode.swift; path = AppDelegate.swift; sourceTree = "<group>"; };
		EA4678321DBCF38500904AD4 /* Base */ = {isa = PBXFileReference; lastKnownFileType = file.storyboard; name = Base; path = Base.lproj/Main.storyboard; sourceTree = "<group>"; };
		EA4678341DBCF38500904AD4 /* Assets.xcassets */ = {isa = PBXFileReference; lastKnownFileType = folder.assetcatalog; path = Assets.xcassets; sourceTree = "<group>"; };
		EA4678371DBCF38500904AD4 /* Base */ = {isa = PBXFileReference; lastKnownFileType = file.storyboard; name = Base; path = Base.lproj/LaunchScreen.storyboard; sourceTree = "<group>"; };
		EA4678391DBCF38500904AD4 /* Info.plist */ = {isa = PBXFileReference; lastKnownFileType = text.plist.xml; path = Info.plist; sourceTree = "<group>"; };
		EA4678401DBCFA4300904AD4 /* CloudKitExtensions.swift */ = {isa = PBXFileReference; fileEncoding = 4; lastKnownFileType = sourcecode.swift; path = CloudKitExtensions.swift; sourceTree = "<group>"; };
		EA4678411DBCFA4300904AD4 /* QandAAccessoryTableViewController.swift */ = {isa = PBXFileReference; fileEncoding = 4; lastKnownFileType = sourcecode.swift; path = QandAAccessoryTableViewController.swift; sourceTree = "<group>"; };
		EA4678421DBCFA4300904AD4 /* QandATableViewController.swift */ = {isa = PBXFileReference; fileEncoding = 4; lastKnownFileType = sourcecode.swift; path = QandATableViewController.swift; sourceTree = "<group>"; };
		EA4678431DBCFA4300904AD4 /* TextTableViewController.swift */ = {isa = PBXFileReference; fileEncoding = 4; lastKnownFileType = sourcecode.swift; path = TextTableViewController.swift; sourceTree = "<group>"; };
		EA5AB41D1DBE99FC0099FF23 /* AllQandAsTableViewController.swift */ = {isa = PBXFileReference; fileEncoding = 4; lastKnownFileType = sourcecode.swift; path = AllQandAsTableViewController.swift; sourceTree = "<group>"; };
		EA63B6891DBEDAD6003595C4 /* Pollster.entitlements */ = {isa = PBXFileReference; lastKnownFileType = text.plist.entitlements; path = Pollster.entitlements; sourceTree = "<group>"; };
		EA63B68B1DBEDADA003595C4 /* CloudKit.framework */ = {isa = PBXFileReference; lastKnownFileType = wrapper.framework; name = CloudKit.framework; path = System/Library/Frameworks/CloudKit.framework; sourceTree = SDKROOT; };
/* End PBXFileReference section */

/* Begin PBXFrameworksBuildPhase section */
		EA4678271DBCF38500904AD4 /* Frameworks */ = {
			isa = PBXFrameworksBuildPhase;
			buildActionMask = 2147483647;
			files = (
				EA63B68C1DBEDADA003595C4 /* CloudKit.framework in Frameworks */,
			);
			runOnlyForDeploymentPostprocessing = 0;
		};
/* End PBXFrameworksBuildPhase section */

/* Begin PBXGroup section */
		EA4678211DBCF38500904AD4 = {
			isa = PBXGroup;
			children = (
				EA46782C1DBCF38500904AD4 /* Pollster */,
				EA46782B1DBCF38500904AD4 /* Products */,
				EA63B68A1DBEDADA003595C4 /* Frameworks */,
			);
			sourceTree = "<group>";
		};
		EA46782B1DBCF38500904AD4 /* Products */ = {
			isa = PBXGroup;
			children = (
				EA46782A1DBCF38500904AD4 /* Pollster.app */,
			);
			name = Products;
			sourceTree = "<group>";
		};
		EA46782C1DBCF38500904AD4 /* Pollster */ = {
			isa = PBXGroup;
			children = (
				EA63B6891DBEDAD6003595C4 /* Pollster.entitlements */,
				EA46782D1DBCF38500904AD4 /* AppDelegate.swift */,
				EA5AB41D1DBE99FC0099FF23 /* AllQandAsTableViewController.swift */,
				EA40F9BF1DBE23A600A20C3B /* CloudQandATableViewController.swift */,
				EA4678311DBCF38500904AD4 /* Main.storyboard */,
				EA46783F1DBCF9B900904AD4 /* Supporting Files */,
			);
			path = Pollster;
			sourceTree = "<group>";
		};
		EA46783F1DBCF9B900904AD4 /* Supporting Files */ = {
			isa = PBXGroup;
			children = (
				EA4678341DBCF38500904AD4 /* Assets.xcassets */,
				EA4678361DBCF38500904AD4 /* LaunchScreen.storyboard */,
				EA4678391DBCF38500904AD4 /* Info.plist */,
				EA4678401DBCFA4300904AD4 /* CloudKitExtensions.swift */,
				EA4678411DBCFA4300904AD4 /* QandAAccessoryTableViewController.swift */,
				EA4678421DBCFA4300904AD4 /* QandATableViewController.swift */,
				EA4678431DBCFA4300904AD4 /* TextTableViewController.swift */,
			);
			name = "Supporting Files";
			sourceTree = "<group>";
		};
		EA63B68A1DBEDADA003595C4 /* Frameworks */ = {
			isa = PBXGroup;
			children = (
				EA63B68B1DBEDADA003595C4 /* CloudKit.framework */,
			);
			name = Frameworks;
			sourceTree = "<group>";
		};
/* End PBXGroup section */

/* Begin PBXNativeTarget section */
		EA4678291DBCF38500904AD4 /* Pollster */ = {
			isa = PBXNativeTarget;
			buildConfigurationList = EA46783C1DBCF38500904AD4 /* Build configuration list for PBXNativeTarget "Pollster" */;
			buildPhases = (
				EA4678261DBCF38500904AD4 /* Sources */,
				EA4678271DBCF38500904AD4 /* Frameworks */,
				EA4678281DBCF38500904AD4 /* Resources */,
			);
			buildRules = (
			);
			dependencies = (
			);
			name = Pollster;
			productName = Pollster;
			productReference = EA46782A1DBCF38500904AD4 /* Pollster.app */;
			productType = "com.apple.product-type.application";
		};
/* End PBXNativeTarget section */

/* Begin PBXProject section */
		EA4678221DBCF38500904AD4 /* Project object */ = {
			isa = PBXProject;
			attributes = {
				LastSwiftUpdateCheck = 0800;
				LastUpgradeCheck = 0800;
				ORGANIZATIONNAME = "Michel Deiman";
				TargetAttributes = {
					EA4678291DBCF38500904AD4 = {
						CreatedOnToolsVersion = 8.0;
						ProvisioningStyle = Automatic;
						SystemCapabilities = {
							com.apple.Push = {
								enabled = 0;
							};
							com.apple.iCloud = {
								enabled = 1;
							};
						};
					};
				};
			};
			buildConfigurationList = EA4678251DBCF38500904AD4 /* Build configuration list for PBXProject "Pollster" */;
			compatibilityVersion = "Xcode 8.0";
			developmentRegion = English;
			hasScannedForEncodings = 0;
			knownRegions = (
				en,
				Base,
			);
			mainGroup = EA4678211DBCF38500904AD4;
			productRefGroup = EA46782B1DBCF38500904AD4 /* Products */;
			projectDirPath = "";
			projectRoot = "";
			targets = (
				EA4678291DBCF38500904AD4 /* Pollster */,
			);
		};
/* End PBXProject section */

/* Begin PBXResourcesBuildPhase section */
		EA4678281DBCF38500904AD4 /* Resources */ = {
			isa = PBXResourcesBuildPhase;
			buildActionMask = 2147483647;
			files = (
				EA4678381DBCF38500904AD4 /* LaunchScreen.storyboard in Resources */,
				EA4678351DBCF38500904AD4 /* Assets.xcassets in Resources */,
				EA4678331DBCF38500904AD4 /* Main.storyboard in Resources */,
			);
			runOnlyForDeploymentPostprocessing = 0;
		};
/* End PBXResourcesBuildPhase section */

/* Begin PBXSourcesBuildPhase section */
		EA4678261DBCF38500904AD4 /* Sources */ = {
			isa = PBXSourcesBuildPhase;
			buildActionMask = 2147483647;
			files = (
				EA4678461DBCFA4300904AD4 /* QandATableViewController.swift in Sources */,
				EA4678441DBCFA4300904AD4 /* CloudKitExtensions.swift in Sources */,
				EA4678451DBCFA4300904AD4 /* QandAAccessoryTableViewController.swift in Sources */,
				EA4678471DBCFA4300904AD4 /* TextTableViewController.swift in Sources */,
				EA46782E1DBCF38500904AD4 /* AppDelegate.swift in Sources */,
				EA5AB41E1DBE99FC0099FF23 /* AllQandAsTableViewController.swift in Sources */,
				EA40F9C01DBE23A600A20C3B /* CloudQandATableViewController.swift in Sources */,
			);
			runOnlyForDeploymentPostprocessing = 0;
		};
/* End PBXSourcesBuildPhase section */

/* Begin PBXVariantGroup section */
		EA4678311DBCF38500904AD4 /* Main.storyboard */ = {
			isa = PBXVariantGroup;
			children = (
				EA4678321DBCF38500904AD4 /* Base */,
			);
			name = Main.storyboard;
			sourceTree = "<group>";
		};
		EA4678361DBCF38500904AD4 /* LaunchScreen.storyboard */ = {
			isa = PBXVariantGroup;
			children = (
				EA4678371DBCF38500904AD4 /* Base */,
			);
			name = LaunchScreen.storyboard;
			sourceTree = "<group>";
		};
/* End PBXVariantGroup section */

/* Begin XCBuildConfiguration section */
		EA46783A1DBCF38500904AD4 /* Debug */ = {
			isa = XCBuildConfiguration;
			buildSettings = {
				ALWAYS_SEARCH_USER_PATHS = NO;
				CLANG_ANALYZER_NONNULL = YES;
				CLANG_CXX_LANGUAGE_STANDARD = "gnu++0x";
				CLANG_CXX_LIBRARY = "libc++";
				CLANG_ENABLE_MODULES = YES;
				CLANG_ENABLE_OBJC_ARC = YES;
				CLANG_WARN_BOOL_CONVERSION = YES;
				CLANG_WARN_CONSTANT_CONVERSION = YES;
				CLANG_WARN_DIRECT_OBJC_ISA_USAGE = YES_ERROR;
				CLANG_WARN_DOCUMENTATION_COMMENTS = YES;
				CLANG_WARN_EMPTY_BODY = YES;
				CLANG_WARN_ENUM_CONVERSION = YES;
				CLANG_WARN_INFINITE_RECURSION = YES;
				CLANG_WARN_INT_CONVERSION = YES;
				CLANG_WARN_OBJC_ROOT_CLASS = YES_ERROR;
				CLANG_WARN_SUSPICIOUS_MOVES = YES;
				CLANG_WARN_UNREACHABLE_CODE = YES;
				CLANG_WARN__DUPLICATE_METHOD_MATCH = YES;
				"CODE_SIGN_IDENTITY[sdk=iphoneos*]" = "iPhone Developer";
				COPY_PHASE_STRIP = NO;
				DEBUG_INFORMATION_FORMAT = dwarf;
				ENABLE_STRICT_OBJC_MSGSEND = YES;
				ENABLE_TESTABILITY = YES;
				GCC_C_LANGUAGE_STANDARD = gnu99;
				GCC_DYNAMIC_NO_PIC = NO;
				GCC_NO_COMMON_BLOCKS = YES;
				GCC_OPTIMIZATION_LEVEL = 0;
				GCC_PREPROCESSOR_DEFINITIONS = (
					"DEBUG=1",
					"$(inherited)",
				);
				GCC_WARN_64_TO_32_BIT_CONVERSION = YES;
				GCC_WARN_ABOUT_RETURN_TYPE = YES_ERROR;
				GCC_WARN_UNDECLARED_SELECTOR = YES;
				GCC_WARN_UNINITIALIZED_AUTOS = YES_AGGRESSIVE;
				GCC_WARN_UNUSED_FUNCTION = YES;
				GCC_WARN_UNUSED_VARIABLE = YES;
				IPHONEOS_DEPLOYMENT_TARGET = 10.0;
				MTL_ENABLE_DEBUG_INFO = YES;
				ONLY_ACTIVE_ARCH = YES;
				SDKROOT = iphoneos;
				SWIFT_ACTIVE_COMPILATION_CONDITIONS = DEBUG;
				SWIFT_OPTIMIZATION_LEVEL = "-Onone";
				TARGETED_DEVICE_FAMILY = "1,2";
			};
			name = Debug;
		};
		EA46783B1DBCF38500904AD4 /* Release */ = {
			isa = XCBuildConfiguration;
			buildSettings = {
				ALWAYS_SEARCH_USER_PATHS = NO;
				CLANG_ANALYZER_NONNULL = YES;
				CLANG_CXX_LANGUAGE_STANDARD = "gnu++0x";
				CLANG_CXX_LIBRARY = "libc++";
				CLANG_ENABLE_MODULES = YES;
				CLANG_ENABLE_OBJC_ARC = YES;
				CLANG_WARN_BOOL_CONVERSION = YES;
				CLANG_WARN_CONSTANT_CONVERSION = YES;
				CLANG_WARN_DIRECT_OBJC_ISA_USAGE = YES_ERROR;
				CLANG_WARN_DOCUMENTATION_COMMENTS = YES;
				CLANG_WARN_EMPTY_BODY = YES;
				CLANG_WARN_ENUM_CONVERSION = YES;
				CLANG_WARN_INFINITE_RECURSION = YES;
				CLANG_WARN_INT_CONVERSION = YES;
				CLANG_WARN_OBJC_ROOT_CLASS = YES_ERROR;
				CLANG_WARN_SUSPICIOUS_MOVES = YES;
				CLANG_WARN_UNREACHABLE_CODE = YES;
				CLANG_WARN__DUPLICATE_METHOD_MATCH = YES;
				"CODE_SIGN_IDENTITY[sdk=iphoneos*]" = "iPhone Developer";
				COPY_PHASE_STRIP = NO;
				DEBUG_INFORMATION_FORMAT = "dwarf-with-dsym";
				ENABLE_NS_ASSERTIONS = NO;
				ENABLE_STRICT_OBJC_MSGSEND = YES;
				GCC_C_LANGUAGE_STANDARD = gnu99;
				GCC_NO_COMMON_BLOCKS = YES;
				GCC_WARN_64_TO_32_BIT_CONVERSION = YES;
				GCC_WARN_ABOUT_RETURN_TYPE = YES_ERROR;
				GCC_WARN_UNDECLARED_SELECTOR = YES;
				GCC_WARN_UNINITIALIZED_AUTOS = YES_AGGRESSIVE;
				GCC_WARN_UNUSED_FUNCTION = YES;
				GCC_WARN_UNUSED_VARIABLE = YES;
				IPHONEOS_DEPLOYMENT_TARGET = 10.0;
				MTL_ENABLE_DEBUG_INFO = NO;
				SDKROOT = iphoneos;
				SWIFT_OPTIMIZATION_LEVEL = "-Owholemodule";
				TARGETED_DEVICE_FAMILY = "1,2";
				VALIDATE_PRODUCT = YES;
			};
			name = Release;
		};
		EA46783D1DBCF38500904AD4 /* Debug */ = {
			isa = XCBuildConfiguration;
			buildSettings = {
				ASSETCATALOG_COMPILER_APPICON_NAME = AppIcon;
				CODE_SIGN_ENTITLEMENTS = Pollster/Pollster.entitlements;
				"CODE_SIGN_IDENTITY[sdk=iphoneos*]" = "iPhone Developer";
				DEVELOPMENT_TEAM = "";
				INFOPLIST_FILE = Pollster/Info.plist;
				IPHONEOS_DEPLOYMENT_TARGET = 10.0;
				LD_RUNPATH_SEARCH_PATHS = "$(inherited) @executable_path/Frameworks";
				PRODUCT_BUNDLE_IDENTIFIER = com.example.Pollster0;
				PRODUCT_NAME = "$(TARGET_NAME)";
				PROVISIONING_PROFILE = "";
				PROVISIONING_PROFILE_SPECIFIER = "";
				SWIFT_VERSION = 3.0;
				TARGETED_DEVICE_FAMILY = "1,2";
			};
			name = Debug;
		};
		EA46783E1DBCF38500904AD4 /* Release */ = {
			isa = XCBuildConfiguration;
			buildSettings = {
				ASSETCATALOG_COMPILER_APPICON_NAME = AppIcon;
				CODE_SIGN_ENTITLEMENTS = Pollster/Pollster.entitlements;
				"CODE_SIGN_IDENTITY[sdk=iphoneos*]" = "iPhone Developer";
				DEVELOPMENT_TEAM = "";
				INFOPLIST_FILE = Pollster/Info.plist;
				IPHONEOS_DEPLOYMENT_TARGET = 10.0;
				LD_RUNPATH_SEARCH_PATHS = "$(inherited) @executable_path/Frameworks";
				PRODUCT_BUNDLE_IDENTIFIER = com.example.Pollster0;
				PRODUCT_NAME = "$(TARGET_NAME)";
				PROVISIONING_PROFILE = "";
				PROVISIONING_PROFILE_SPECIFIER = "";
				SWIFT_VERSION = 3.0;
				TARGETED_DEVICE_FAMILY = "1,2";
			};
			name = Release;
		};
/* End XCBuildConfiguration section */

/* Begin XCConfigurationList section */
		EA4678251DBCF38500904AD4 /* Build configuration list for PBXProject "Pollster" */ = {
			isa = XCConfigurationList;
			buildConfigurations = (
				EA46783A1DBCF38500904AD4 /* Debug */,
				EA46783B1DBCF38500904AD4 /* Release */,
			);
			defaultConfigurationIsVisible = 0;
			defaultConfigurationName = Release;
		};
		EA46783C1DBCF38500904AD4 /* Build configuration list for PBXNativeTarget "Pollster" */ = {
			isa = XCConfigurationList;
			buildConfigurations = (
				EA46783D1DBCF38500904AD4 /* Debug */,
				EA46783E1DBCF38500904AD4 /* Release */,
			);
			defaultConfigurationIsVisible = 0;
			defaultConfigurationName = Release;
		};
/* End XCConfigurationList section */
	};
	rootObject = EA4678221DBCF38500904AD4 /* Project object */;
}
